<?xml version="1.0" encoding="utf-8"?>
<Project ToolsVersion="4.0" xmlns="http://schemas.microsoft.com/developer/msbuild/2003">
  <ItemGroup>
    <Filter Include="KamataEngine">
      <UniqueIdentifier>{4FC737F1-C7A5-4376-A066-2A32D752A2FF}</UniqueIdentifier>
      <Extensions>cpp;c;cc;cxx;c++;cppm;ixx;def;odl;idl;hpj;bat;asm;asmx</Extensions>
    </Filter>
    <Filter Include="KamataEngine\Source">
      <UniqueIdentifier>{d966e9f8-e880-44ae-8586-a08515e4cffc}</UniqueIdentifier>
    </Filter>
    <Filter Include="KamataEngine\Include">
      <UniqueIdentifier>{4aae4e40-94f7-4d32-9a91-c0c37a2edf0d}</UniqueIdentifier>
    </Filter>
    <Filter Include="KamataEngine\Adapter">
      <UniqueIdentifier>{c6468eb4-788b-4a83-b207-a5f4804e56c5}</UniqueIdentifier>
    </Filter>
    <Filter Include="Object">
      <UniqueIdentifier>{d0e094d9-7c26-44b7-a56e-c6b9ece015fe}</UniqueIdentifier>
    </Filter>
    <Filter Include="Math">
      <UniqueIdentifier>{2c3de608-7983-471d-b51e-a600de9a0f99}</UniqueIdentifier>
    </Filter>
    <Filter Include="BaseData">
      <UniqueIdentifier>{dbbfc41e-35d3-4782-ade3-f670eb65e2ab}</UniqueIdentifier>
    </Filter>
    <Filter Include="Input">
      <UniqueIdentifier>{6ef13dcf-56c2-429a-9fab-5f4fd0d2bdac}</UniqueIdentifier>
    </Filter>
    <Filter Include="Render">
      <UniqueIdentifier>{e78c4881-8ef6-488e-a8af-144be57e9e74}</UniqueIdentifier>
    </Filter>
    <Filter Include="Object\Entity">
      <UniqueIdentifier>{4eb182f1-9e3b-42e9-87eb-64ca81c663c9}</UniqueIdentifier>
    </Filter>
    <Filter Include="UI">
      <UniqueIdentifier>{8bc389aa-9837-4595-b258-5f590976274f}</UniqueIdentifier>
    </Filter>
    <Filter Include="Object\Entity\Enemy">
      <UniqueIdentifier>{eae17d51-cd1e-444e-a4c1-562eccfa3e56}</UniqueIdentifier>
    </Filter>
    <Filter Include="Scene">
      <UniqueIdentifier>{40cfb768-ba22-4252-a698-d56d3dd65792}</UniqueIdentifier>
    </Filter>
    <Filter Include="Audio">
      <UniqueIdentifier>{7ab43a03-9999-4d89-a409-dd79d28c49c0}</UniqueIdentifier>
    </Filter>
    <Filter Include="Object\Entity\Player">
      <UniqueIdentifier>{85489da0-5e70-4141-958a-52dc484a1921}</UniqueIdentifier>
    </Filter>
    <Filter Include="Object\Entity\Bullet">
      <UniqueIdentifier>{59a8ed6e-2e14-4ec6-b6f6-2810f913a0ee}</UniqueIdentifier>
    </Filter>
    <Filter Include="Score">
      <UniqueIdentifier>{89eba4f3-2f43-4d49-b566-229aef69d8f2}</UniqueIdentifier>
    </Filter>
  </ItemGroup>
  <ItemGroup>
    <ClCompile Include="C:\KamataEngine\DirectXGame\base\DirectXCommon.cpp">
      <Filter>KamataEngine\Source</Filter>
    </ClCompile>
    <ClCompile Include="C:\KamataEngine\DirectXGame\scene\GameScene.cpp">
      <Filter>KamataEngine\Source</Filter>
    </ClCompile>
    <ClCompile Include="C:\KamataEngine\DirectXGame\base\TextureManager.cpp">
      <Filter>KamataEngine\Source</Filter>
    </ClCompile>
    <ClCompile Include="C:\KamataEngine\DirectXGame\base\WinApp.cpp">
      <Filter>KamataEngine\Source</Filter>
    </ClCompile>
    <ClCompile Include="main.cpp" />
    <ClCompile Include="C:\KamataEngine\Adapter\Novice.cpp">
      <Filter>KamataEngine\Adapter</Filter>
    </ClCompile>
    <ClCompile Include="BaseData.cpp">
      <Filter>BaseData</Filter>
    </ClCompile>
    <ClCompile Include="Math\Matrix2x2.cpp">
      <Filter>Math</Filter>
    </ClCompile>
    <ClCompile Include="Math\Matrix3x3.cpp">
      <Filter>Math</Filter>
    </ClCompile>
    <ClCompile Include="Math\PolarCoordinates.cpp">
      <Filter>Math</Filter>
    </ClCompile>
    <ClCompile Include="Math\Vector2.cpp">
      <Filter>Math</Filter>
    </ClCompile>
    <ClCompile Include="Math\Math.cpp">
      <Filter>Math</Filter>
    </ClCompile>
    <ClCompile Include="Object\Object.cpp">
      <Filter>Object</Filter>
    </ClCompile>
    <ClCompile Include="Input\Controller.cpp">
      <Filter>Input</Filter>
    </ClCompile>
    <ClCompile Include="Input\KeyBoard.cpp">
      <Filter>Input</Filter>
    </ClCompile>
    <ClCompile Include="Object\Entity\Entity.cpp">
      <Filter>Object\Entity</Filter>
    </ClCompile>
    <ClCompile Include="Render\Resource.cpp">
      <Filter>Render</Filter>
    </ClCompile>
    <ClCompile Include="Render\Camera.cpp">
      <Filter>Render</Filter>
    </ClCompile>
    <ClCompile Include="Render\SpriteClass.cpp">
      <Filter>Render</Filter>
    </ClCompile>
    <ClCompile Include="Easing.cpp">
      <Filter>BaseData</Filter>
    </ClCompile>
    <ClCompile Include="Object\Entity\Player\Player.cpp">
      <Filter>Object\Entity\Player</Filter>
    </ClCompile>
    <ClCompile Include="UI\String.cpp">
      <Filter>UI</Filter>
    </ClCompile>
    <ClCompile Include="UI\UI.cpp">
      <Filter>UI</Filter>
    </ClCompile>
    <ClCompile Include="Input\Json.cpp">
      <Filter>Input</Filter>
    </ClCompile>
    <ClCompile Include="Object\ObjectController.cpp">
      <Filter>Object</Filter>
    </ClCompile>
    <ClCompile Include="Enemy.cpp">
      <Filter>Object\Entity\Enemy</Filter>
    </ClCompile>
    <ClCompile Include="Scene.cpp">
      <Filter>Scene</Filter>
    </ClCompile>
    <ClCompile Include="Timer\Timer.cpp">
      <Filter>BaseData</Filter>
    </ClCompile>
    <ClCompile Include="Audio\Audio.cpp">
      <Filter>Audio</Filter>
    </ClCompile>
    <ClCompile Include="EntityManagercpp.cpp">
      <Filter>Object\Entity</Filter>
    </ClCompile>
    <ClCompile Include="PlayerManager.cpp">
      <Filter>Object\Entity\Player</Filter>
    </ClCompile>
    <ClCompile Include="Object\Entity\Bullet .cpp">
      <Filter>Object\Entity\Bullet</Filter>
    </ClCompile>
    <ClCompile Include="SceneManager.cpp">
      <Filter>Scene</Filter>
    </ClCompile>
  </ItemGroup>
  <ItemGroup>
    <ClInclude Include="C:\KamataEngine\DirectXGame\audio\Audio.h">
      <Filter>KamataEngine\Include</Filter>
    </ClInclude>
    <ClInclude Include="C:\KamataEngine\DirectXGame\2d\DebugText.h">
      <Filter>KamataEngine\Include</Filter>
    </ClInclude>
    <ClInclude Include="C:\KamataEngine\DirectXGame\base\DirectXCommon.h">
      <Filter>KamataEngine\Include</Filter>
    </ClInclude>
    <ClInclude Include="C:\KamataEngine\DirectXGame\scene\GameScene.h">
      <Filter>KamataEngine\Include</Filter>
    </ClInclude>
    <ClInclude Include="C:\KamataEngine\DirectXGame\input\Input.h">
      <Filter>KamataEngine\Include</Filter>
    </ClInclude>
    <ClInclude Include="C:\KamataEngine\DirectXGame\3d\Model.h">
      <Filter>KamataEngine\Include</Filter>
    </ClInclude>
    <ClInclude Include="C:\KamataEngine\DirectXGame\base\SafeDelete.h">
      <Filter>KamataEngine\Include</Filter>
    </ClInclude>
    <ClInclude Include="C:\KamataEngine\DirectXGame\2d\Sprite.h">
      <Filter>KamataEngine\Include</Filter>
    </ClInclude>
    <ClInclude Include="C:\KamataEngine\DirectXGame\base\TextureManager.h">
      <Filter>KamataEngine\Include</Filter>
    </ClInclude>
    <ClInclude Include="C:\KamataEngine\DirectXGame\3d\ViewProjection.h">
      <Filter>KamataEngine\Include</Filter>
    </ClInclude>
    <ClInclude Include="C:\KamataEngine\DirectXGame\base\WinApp.h">
      <Filter>KamataEngine\Include</Filter>
    </ClInclude>
    <ClInclude Include="C:\KamataEngine\DirectXGame\3d\WorldTransform.h">
      <Filter>KamataEngine\Include</Filter>
    </ClInclude>
    <ClInclude Include="C:\KamataEngine\Adapter\Novice.h">
      <Filter>KamataEngine\Adapter</Filter>
    </ClInclude>
    <ClInclude Include="C:\KamataEngine\DirectXGame\3d\CircleShadow.h">
      <Filter>KamataEngine\Include</Filter>
    </ClInclude>
    <ClInclude Include="C:\KamataEngine\DirectXGame\3d\DebugCamera.h">
      <Filter>KamataEngine\Include</Filter>
    </ClInclude>
    <ClInclude Include="C:\KamataEngine\DirectXGame\3d\DirectionalLight.h">
      <Filter>KamataEngine\Include</Filter>
    </ClInclude>
    <ClInclude Include="C:\KamataEngine\DirectXGame\3d\LightGroup.h">
      <Filter>KamataEngine\Include</Filter>
    </ClInclude>
    <ClInclude Include="C:\KamataEngine\DirectXGame\3d\Material.h">
      <Filter>KamataEngine\Include</Filter>
    </ClInclude>
    <ClInclude Include="C:\KamataEngine\DirectXGame\3d\Mesh.h">
      <Filter>KamataEngine\Include</Filter>
    </ClInclude>
    <ClInclude Include="C:\KamataEngine\DirectXGame\3d\PointLight.h">
      <Filter>KamataEngine\Include</Filter>
    </ClInclude>
    <ClInclude Include="C:\KamataEngine\DirectXGame\3d\SpotLight.h">
      <Filter>KamataEngine\Include</Filter>
    </ClInclude>
    <ClInclude Include="..\DirectXGame\math\MathUtility.h">
      <Filter>KamataEngine\Include</Filter>
    </ClInclude>
    <ClInclude Include="..\DirectXGame\math\Matrix4.h">
      <Filter>KamataEngine\Include</Filter>
    </ClInclude>
    <ClInclude Include="..\DirectXGame\math\Vector2.h">
      <Filter>KamataEngine\Include</Filter>
    </ClInclude>
    <ClInclude Include="..\DirectXGame\math\Vector3.h">
      <Filter>KamataEngine\Include</Filter>
    </ClInclude>
    <ClInclude Include="..\DirectXGame\math\Vector4.h">
      <Filter>KamataEngine\Include</Filter>
    </ClInclude>
    <ClInclude Include="BaseData.hpp">
      <Filter>BaseData</Filter>
    </ClInclude>
    <ClInclude Include="Math\Math.hpp">
      <Filter>Math</Filter>
    </ClInclude>
    <ClInclude Include="Math\Matrix2x2.hpp">
      <Filter>Math</Filter>
    </ClInclude>
    <ClInclude Include="Math\Matrix3x3.hpp">
      <Filter>Math</Filter>
    </ClInclude>
    <ClInclude Include="Math\PolarCoordinates.hpp">
      <Filter>Math</Filter>
    </ClInclude>
    <ClInclude Include="Math\Vector2.hpp">
      <Filter>Math</Filter>
    </ClInclude>
    <ClInclude Include="Object\Object.hpp">
      <Filter>Object</Filter>
    </ClInclude>
    <ClInclude Include="Input\Controller.hpp">
      <Filter>Input</Filter>
    </ClInclude>
    <ClInclude Include="Input\KeyBoard.hpp">
      <Filter>Input</Filter>
    </ClInclude>
    <ClInclude Include="Object\Entity\Entity.hpp">
      <Filter>Object\Entity</Filter>
    </ClInclude>
    <ClInclude Include="Render\Resource.hpp">
      <Filter>Render</Filter>
    </ClInclude>
    <ClInclude Include="Render\Camera.hpp">
      <Filter>Render</Filter>
    </ClInclude>
    <ClInclude Include="Render\SpriteClass.hpp">
      <Filter>Render</Filter>
    </ClInclude>
    <ClInclude Include="Easing.hpp">
      <Filter>BaseData</Filter>
    </ClInclude>
    <ClInclude Include="Object\Entity\Player\Player.hpp">
      <Filter>Object\Entity\Player</Filter>
    </ClInclude>
    <ClInclude Include="UI\String.hpp">
      <Filter>UI</Filter>
    </ClInclude>
    <ClInclude Include="UI\UI.hpp">
      <Filter>UI</Filter>
    </ClInclude>
    <ClInclude Include="Input\Json.hpp">
      <Filter>Input</Filter>
    </ClInclude>
    <ClInclude Include="Object\ObjectController.hpp">
      <Filter>Object</Filter>
    </ClInclude>
    <ClInclude Include="Enemy.hpp">
      <Filter>Object\Entity\Enemy</Filter>
    </ClInclude>
    <ClInclude Include="Shake.hpp">
      <Filter>BaseData</Filter>
    </ClInclude>
    <ClInclude Include="Scene.hpp">
      <Filter>Scene</Filter>
    </ClInclude>
    <ClInclude Include="EntityManager.hpp">
      <Filter>Object\Entity</Filter>
    </ClInclude>
    <ClInclude Include="Timer\Timer.hpp">
      <Filter>BaseData</Filter>
    </ClInclude>
    <ClInclude Include="Audio\Audio.hpp">
      <Filter>Audio</Filter>
    </ClInclude>
    <ClInclude Include="PlayerManager.hpp">
      <Filter>Object\Entity\Player</Filter>
    </ClInclude>
    <ClInclude Include="Object\Entity\Bullet.hpp">
      <Filter>Object\Entity\Bullet</Filter>
    </ClInclude>
    <ClInclude Include="SceneManager.hpp">
      <Filter>Scene</Filter>
    </ClInclude>
    <ClInclude Include="Score.hpp">
      <Filter>Score</Filter>
    </ClInclude>
  </ItemGroup>
</Project>